
Microsoft Visual Studio Solution File, Format Version 12.00
# Visual Studio Version 17
VisualStudioVersion = 17.7.34202.233
MinimumVisualStudioVersion = 10.0.40219.1
Project("{FAE04EC0-301F-11D3-BF4B-00C04F79EFBC}") = "AH", "AH\AH.csproj", "{AA75299E-5125-4042-BE23-DB47A0CCFFE9}"
EndProject
Global
	GlobalSection(SolutionConfigurationPlatforms) = preSolution
		Debug|Any CPU = Debug|Any CPU
		Release|Any CPU = Release|Any CPU
	EndGlobalSection
	GlobalSection(ProjectConfigurationPlatforms) = postSolution
		{AA75299E-5125-4042-BE23-DB47A0CCFFE9}.Debug|Any CPU.ActiveCfg = Debug|Any CPU
		{AA75299E-5125-4042-BE23-DB47A0CCFFE9}.Debug|Any CPU.Build.0 = Debug|Any CPU
		{AA75299E-5125-4042-BE23-DB47A0CCFFE9}.Release|Any CPU.ActiveCfg = Release|Any CPU
		{AA75299E-5125-4042-BE23-DB47A0CCFFE9}.Release|Any CPU.Build.0 = Release|Any CPU
	EndGlobalSection
	GlobalSection(SolutionProperties) = preSolution
		HideSolutionNode = FALSE
	EndGlobalSection
	GlobalSection(ExtensibilityGlobals) = postSolution
		SolutionGuid = {5216328A-AB04-4ACF-8262-D4C58013C059}
	EndGlobalSection
EndGlobal
